
Microsoft Visual Studio Solution File, Format Version 12.00
# Visual Studio 15
Project("{FAE04EC0-301F-11D3-BF4B-00C04F79EFBC}") = "Assembly-CSharp", "Assembly-CSharp.csproj", "{642C46A3-735D-1073-4A69-D3DC292C4393}"
EndProject
Project("{FAE04EC0-301F-11D3-BF4B-00C04F79EFBC}") = "sc.vegetationspawner.runtime", "sc.vegetationspawner.runtime.csproj", "{03C310CE-9958-5125-65AC-591FDDD9BB71}"
EndProject
Project("{FAE04EC0-301F-11D3-BF4B-00C04F79EFBC}") = "Assembly-CSharp-Editor", "Assembly-CSharp-Editor.csproj", "{468523C1-9047-F4F4-D27E-00C7FB8752C5}"
EndProject
Project("{FAE04EC0-301F-11D3-BF4B-00C04F79EFBC}") = "sc.vegetationspawner.editor", "sc.vegetationspawner.editor.csproj", "{69A2E138-D0B7-6E7B-928E-638966464C09}"
EndProject
Global
	GlobalSection(SolutionConfigurationPlatforms) = preSolution
		Debug|Any CPU = Debug|Any CPU
		Release|Any CPU = Release|Any CPU
	EndGlobalSection
	GlobalSection(ProjectConfigurationPlatforms) = postSolution
		{642C46A3-735D-1073-4A69-D3DC292C4393}.Debug|Any CPU.ActiveCfg = Debug|Any CPU
		{642C46A3-735D-1073-4A69-D3DC292C4393}.Debug|Any CPU.Build.0 = Debug|Any CPU
		{642C46A3-735D-1073-4A69-D3DC292C4393}.Release|Any CPU.ActiveCfg = Release|Any CPU
		{642C46A3-735D-1073-4A69-D3DC292C4393}.Release|Any CPU.Build.0 = Release|Any CPU
		{03C310CE-9958-5125-65AC-591FDDD9BB71}.Debug|Any CPU.ActiveCfg = Debug|Any CPU
		{03C310CE-9958-5125-65AC-591FDDD9BB71}.Debug|Any CPU.Build.0 = Debug|Any CPU
		{03C310CE-9958-5125-65AC-591FDDD9BB71}.Release|Any CPU.ActiveCfg = Release|Any CPU
		{03C310CE-9958-5125-65AC-591FDDD9BB71}.Release|Any CPU.Build.0 = Release|Any CPU
		{468523C1-9047-F4F4-D27E-00C7FB8752C5}.Debug|Any CPU.ActiveCfg = Debug|Any CPU
		{468523C1-9047-F4F4-D27E-00C7FB8752C5}.Debug|Any CPU.Build.0 = Debug|Any CPU
		{468523C1-9047-F4F4-D27E-00C7FB8752C5}.Release|Any CPU.ActiveCfg = Release|Any CPU
		{468523C1-9047-F4F4-D27E-00C7FB8752C5}.Release|Any CPU.Build.0 = Release|Any CPU
		{69A2E138-D0B7-6E7B-928E-638966464C09}.Debug|Any CPU.ActiveCfg = Debug|Any CPU
		{69A2E138-D0B7-6E7B-928E-638966464C09}.Debug|Any CPU.Build.0 = Debug|Any CPU
		{69A2E138-D0B7-6E7B-928E-638966464C09}.Release|Any CPU.ActiveCfg = Release|Any CPU
		{69A2E138-D0B7-6E7B-928E-638966464C09}.Release|Any CPU.Build.0 = Release|Any CPU
	EndGlobalSection
	GlobalSection(SolutionProperties) = preSolution
		HideSolutionNode = FALSE
	EndGlobalSection
EndGlobal
